
Microsoft Visual Studio Solution File, Format Version 12.00
# Visual Studio 15
VisualStudioVersion = 15.0.27004.2008
MinimumVisualStudioVersion = 10.0.40219.1
Project("{FAE04EC0-301F-11D3-BF4B-00C04F79EFBC}") = "WindowsFormsApp1", "WindowsFormsApp1\WindowsFormsApp1.csproj", "{4458ADD7-2FCE-42A1-97B6-AE9BD0C7A2B7}"
EndProject
Project("{FAE04EC0-301F-11D3-BF4B-00C04F79EFBC}") = "AspNetVS2017C.Capitulo01.Troco", "AspNetVS2017C.Capitulo01.Troco\AspNetVS2017C.Capitulo01.Troco.csproj", "{89FF89D2-A7CB-4000-B0EC-6BC062ED185E}"
EndProject
Project("{FAE04EC0-301F-11D3-BF4B-00C04F79EFBC}") = "AspNetVS2017.Capitulo1.Fretes", "AspNetVS2017.Capitulo1.Fretes\AspNetVS2017.Capitulo1.Fretes.csproj", "{E3119469-CD3F-47C2-B785-0BA9039720A3}"
EndProject
Project("{FAE04EC0-301F-11D3-BF4B-00C04F79EFBC}") = "AspNetVS2017.Capitulo1.Tabuada", "AspNetVS2017.Capitulo1.Tabuada\AspNetVS2017.Capitulo1.Tabuada.csproj", "{388B1392-1621-49CD-9FFB-10A90444462E}"
EndProject
Project("{FAE04EC0-301F-11D3-BF4B-00C04F79EFBC}") = "AspNetVS2017.Capitulo01.Repeticao.Testes", "AspNetVS2017.Capitulo01.Repeticao.Testes\AspNetVS2017.Capitulo01.Repeticao.Testes.csproj", "{32F172DC-696E-4BFB-B143-9AE66FEA6760}"
EndProject
Project("{FAE04EC0-301F-11D3-BF4B-00C04F79EFBC}") = "AspNetVS2017.Capitulo1.Vetores.Testes", "AspNetVS2017.Capitulo1.Vetores.Testes\AspNetVS2017.Capitulo1.Vetores.Testes.csproj", "{A162D221-055B-44D2-943A-3E4FACEC356B}"
EndProject
Project("{2150E333-8FDC-42A3-9474-1A3956D46DE8}") = "Oficina", "Oficina", "{8F287909-EF2C-42F3-9334-9A48BC8412CF}"
EndProject
Project("{FAE04EC0-301F-11D3-BF4B-00C04F79EFBC}") = "Oficina.Dominio", "Oficina.Dominio\Oficina.Dominio.csproj", "{FA3B65BD-44EC-4EDD-8F21-568C45C52668}"
EndProject
Project("{FAE04EC0-301F-11D3-BF4B-00C04F79EFBC}") = "Oficina.Repositorios.SistemaDeArquivos", "Oficina.Repositorios.SistemaDeArquivos\Oficina.Repositorios.SistemaDeArquivos.csproj", "{31D0A684-0EE0-4AD4-B7CE-1B84559E2338}"
EndProject
Global
	GlobalSection(SolutionConfigurationPlatforms) = preSolution
		Debug|Any CPU = Debug|Any CPU
		Release|Any CPU = Release|Any CPU
	EndGlobalSection
	GlobalSection(ProjectConfigurationPlatforms) = postSolution
		{4458ADD7-2FCE-42A1-97B6-AE9BD0C7A2B7}.Debug|Any CPU.ActiveCfg = Debug|Any CPU
		{4458ADD7-2FCE-42A1-97B6-AE9BD0C7A2B7}.Debug|Any CPU.Build.0 = Debug|Any CPU
		{4458ADD7-2FCE-42A1-97B6-AE9BD0C7A2B7}.Release|Any CPU.ActiveCfg = Release|Any CPU
		{4458ADD7-2FCE-42A1-97B6-AE9BD0C7A2B7}.Release|Any CPU.Build.0 = Release|Any CPU
		{89FF89D2-A7CB-4000-B0EC-6BC062ED185E}.Debug|Any CPU.ActiveCfg = Debug|Any CPU
		{89FF89D2-A7CB-4000-B0EC-6BC062ED185E}.Debug|Any CPU.Build.0 = Debug|Any CPU
		{89FF89D2-A7CB-4000-B0EC-6BC062ED185E}.Release|Any CPU.ActiveCfg = Release|Any CPU
		{89FF89D2-A7CB-4000-B0EC-6BC062ED185E}.Release|Any CPU.Build.0 = Release|Any CPU
		{E3119469-CD3F-47C2-B785-0BA9039720A3}.Debug|Any CPU.ActiveCfg = Debug|Any CPU
		{E3119469-CD3F-47C2-B785-0BA9039720A3}.Debug|Any CPU.Build.0 = Debug|Any CPU
		{E3119469-CD3F-47C2-B785-0BA9039720A3}.Release|Any CPU.ActiveCfg = Release|Any CPU
		{E3119469-CD3F-47C2-B785-0BA9039720A3}.Release|Any CPU.Build.0 = Release|Any CPU
		{388B1392-1621-49CD-9FFB-10A90444462E}.Debug|Any CPU.ActiveCfg = Debug|Any CPU
		{388B1392-1621-49CD-9FFB-10A90444462E}.Debug|Any CPU.Build.0 = Debug|Any CPU
		{388B1392-1621-49CD-9FFB-10A90444462E}.Release|Any CPU.ActiveCfg = Release|Any CPU
		{388B1392-1621-49CD-9FFB-10A90444462E}.Release|Any CPU.Build.0 = Release|Any CPU
		{32F172DC-696E-4BFB-B143-9AE66FEA6760}.Debug|Any CPU.ActiveCfg = Debug|Any CPU
		{32F172DC-696E-4BFB-B143-9AE66FEA6760}.Debug|Any CPU.Build.0 = Debug|Any CPU
		{32F172DC-696E-4BFB-B143-9AE66FEA6760}.Release|Any CPU.ActiveCfg = Release|Any CPU
		{32F172DC-696E-4BFB-B143-9AE66FEA6760}.Release|Any CPU.Build.0 = Release|Any CPU
		{A162D221-055B-44D2-943A-3E4FACEC356B}.Debug|Any CPU.ActiveCfg = Debug|Any CPU
		{A162D221-055B-44D2-943A-3E4FACEC356B}.Debug|Any CPU.Build.0 = Debug|Any CPU
		{A162D221-055B-44D2-943A-3E4FACEC356B}.Release|Any CPU.ActiveCfg = Release|Any CPU
		{A162D221-055B-44D2-943A-3E4FACEC356B}.Release|Any CPU.Build.0 = Release|Any CPU
		{FA3B65BD-44EC-4EDD-8F21-568C45C52668}.Debug|Any CPU.ActiveCfg = Debug|Any CPU
		{FA3B65BD-44EC-4EDD-8F21-568C45C52668}.Debug|Any CPU.Build.0 = Debug|Any CPU
		{FA3B65BD-44EC-4EDD-8F21-568C45C52668}.Release|Any CPU.ActiveCfg = Release|Any CPU
		{FA3B65BD-44EC-4EDD-8F21-568C45C52668}.Release|Any CPU.Build.0 = Release|Any CPU
		{31D0A684-0EE0-4AD4-B7CE-1B84559E2338}.Debug|Any CPU.ActiveCfg = Debug|Any CPU
		{31D0A684-0EE0-4AD4-B7CE-1B84559E2338}.Debug|Any CPU.Build.0 = Debug|Any CPU
		{31D0A684-0EE0-4AD4-B7CE-1B84559E2338}.Release|Any CPU.ActiveCfg = Release|Any CPU
		{31D0A684-0EE0-4AD4-B7CE-1B84559E2338}.Release|Any CPU.Build.0 = Release|Any CPU
	EndGlobalSection
	GlobalSection(SolutionProperties) = preSolution
		HideSolutionNode = FALSE
	EndGlobalSection
	GlobalSection(NestedProjects) = preSolution
		{FA3B65BD-44EC-4EDD-8F21-568C45C52668} = {8F287909-EF2C-42F3-9334-9A48BC8412CF}
		{31D0A684-0EE0-4AD4-B7CE-1B84559E2338} = {8F287909-EF2C-42F3-9334-9A48BC8412CF}
	EndGlobalSection
	GlobalSection(ExtensibilityGlobals) = postSolution
		SolutionGuid = {4254029E-1F5E-42D5-A160-D144EF9E3AFA}
	EndGlobalSection
EndGlobal
